// !$*UTF8*$!
{
	archiveVersion = 1;
	classes = {
	};
	objectVersion = 50;
	objects = {

/* Begin PBXBuildFile section */
		AA88CD3125F911ED0066F6F6 /* AppDelegate.swift in Sources */ = {isa = PBXBuildFile; fileRef = AA88CD3025F911ED0066F6F6 /* AppDelegate.swift */; };
		AA88CD3325F911ED0066F6F6 /* SceneDelegate.swift in Sources */ = {isa = PBXBuildFile; fileRef = AA88CD3225F911ED0066F6F6 /* SceneDelegate.swift */; };
		AA88CD3525F911ED0066F6F6 /* ViewController.swift in Sources */ = {isa = PBXBuildFile; fileRef = AA88CD3425F911ED0066F6F6 /* ViewController.swift */; };
		AA88CD3825F911ED0066F6F6 /* Main.storyboard in Resources */ = {isa = PBXBuildFile; fileRef = AA88CD3625F911ED0066F6F6 /* Main.storyboard */; };
		AA88CD3A25F911EE0066F6F6 /* Assets.xcassets in Resources */ = {isa = PBXBuildFile; fileRef = AA88CD3925F911EE0066F6F6 /* Assets.xcassets */; };
		AA88CD3D25F911EE0066F6F6 /* LaunchScreen.storyboard in Resources */ = {isa = PBXBuildFile; fileRef = AA88CD3B25F911EE0066F6F6 /* LaunchScreen.storyboard */; };
		AA88CD4B25F913BE0066F6F6 /* Networking.swift in Sources */ = {isa = PBXBuildFile; fileRef = AA88CD4A25F913BE0066F6F6 /* Networking.swift */; };
		AA88CD5225F915A50066F6F6 /* Animal.swift in Sources */ = {isa = PBXBuildFile; fileRef = AA88CD5125F915A50066F6F6 /* Animal.swift */; };
/* End PBXBuildFile section */

/* Begin PBXFileReference section */
		AA88CD2D25F911ED0066F6F6 /* ShowJSON.app */ = {isa = PBXFileReference; explicitFileType = wrapper.application; includeInIndex = 0; path = ShowJSON.app; sourceTree = BUILT_PRODUCTS_DIR; };
		AA88CD3025F911ED0066F6F6 /* AppDelegate.swift */ = {isa = PBXFileReference; lastKnownFileType = sourcecode.swift; path = AppDelegate.swift; sourceTree = "<group>"; };
		AA88CD3225F911ED0066F6F6 /* SceneDelegate.swift */ = {isa = PBXFileReference; lastKnownFileType = sourcecode.swift; path = SceneDelegate.swift; sourceTree = "<group>"; };
		AA88CD3425F911ED0066F6F6 /* ViewController.swift */ = {isa = PBXFileReference; lastKnownFileType = sourcecode.swift; path = ViewController.swift; sourceTree = "<group>"; };
		AA88CD3725F911ED0066F6F6 /* Base */ = {isa = PBXFileReference; lastKnownFileType = file.storyboard; name = Base; path = Base.lproj/Main.storyboard; sourceTree = "<group>"; };
		AA88CD3925F911EE0066F6F6 /* Assets.xcassets */ = {isa = PBXFileReference; lastKnownFileType = folder.assetcatalog; path = Assets.xcassets; sourceTree = "<group>"; };
		AA88CD3C25F911EE0066F6F6 /* Base */ = {isa = PBXFileReference; lastKnownFileType = file.storyboard; name = Base; path = Base.lproj/LaunchScreen.storyboard; sourceTree = "<group>"; };
		AA88CD3E25F911EE0066F6F6 /* Info.plist */ = {isa = PBXFileReference; lastKnownFileType = text.plist.xml; path = Info.plist; sourceTree = "<group>"; };
		AA88CD4A25F913BE0066F6F6 /* Networking.swift */ = {isa = PBXFileReference; lastKnownFileType = sourcecode.swift; path = Networking.swift; sourceTree = "<group>"; };
		AA88CD5125F915A50066F6F6 /* Animal.swift */ = {isa = PBXFileReference; lastKnownFileType = sourcecode.swift; path = Animal.swift; sourceTree = "<group>"; };
/* End PBXFileReference section */

/* Begin PBXFrameworksBuildPhase section */
		AA88CD2A25F911ED0066F6F6 /* Frameworks */ = {
			isa = PBXFrameworksBuildPhase;
			buildActionMask = 2147483647;
			files = (
			);
			runOnlyForDeploymentPostprocessing = 0;
		};
/* End PBXFrameworksBuildPhase section */

/* Begin PBXGroup section */
		AA88CD2425F911ED0066F6F6 = {
			isa = PBXGroup;
			children = (
				AA88CD2F25F911ED0066F6F6 /* ShowJSON */,
				AA88CD2E25F911ED0066F6F6 /* Products */,
			);
			sourceTree = "<group>";
		};
		AA88CD2E25F911ED0066F6F6 /* Products */ = {
			isa = PBXGroup;
			children = (
				AA88CD2D25F911ED0066F6F6 /* ShowJSON.app */,
			);
			name = Products;
			sourceTree = "<group>";
		};
		AA88CD2F25F911ED0066F6F6 /* ShowJSON */ = {
			isa = PBXGroup;
			children = (
				AA88CD4825F913770066F6F6 /* Control */,
				AA88CD4725F9135C0066F6F6 /* View */,
				AA88CD4525F913370066F6F6 /* Model */,
				AA88CD3E25F911EE0066F6F6 /* Info.plist */,
			);
			path = ShowJSON;
			sourceTree = "<group>";
		};
		AA88CD4525F913370066F6F6 /* Model */ = {
			isa = PBXGroup;
			children = (
				AA88CD5125F915A50066F6F6 /* Animal.swift */,
			);
			path = Model;
			sourceTree = "<group>";
		};
		AA88CD4725F9135C0066F6F6 /* View */ = {
			isa = PBXGroup;
			children = (
				AA88CD3025F911ED0066F6F6 /* AppDelegate.swift */,
				AA88CD3225F911ED0066F6F6 /* SceneDelegate.swift */,
				AA88CD3425F911ED0066F6F6 /* ViewController.swift */,
				AA88CD3625F911ED0066F6F6 /* Main.storyboard */,
				AA88CD3925F911EE0066F6F6 /* Assets.xcassets */,
				AA88CD3B25F911EE0066F6F6 /* LaunchScreen.storyboard */,
			);
			path = View;
			sourceTree = "<group>";
		};
		AA88CD4825F913770066F6F6 /* Control */ = {
			isa = PBXGroup;
			children = (
				AA88CD4925F913880066F6F6 /* Networking */,
			);
			path = Control;
			sourceTree = "<group>";
		};
		AA88CD4925F913880066F6F6 /* Networking */ = {
			isa = PBXGroup;
			children = (
				AA88CD4A25F913BE0066F6F6 /* Networking.swift */,
			);
			path = Networking;
			sourceTree = "<group>";
		};
/* End PBXGroup section */

/* Begin PBXNativeTarget section */
		AA88CD2C25F911ED0066F6F6 /* ShowJSON */ = {
			isa = PBXNativeTarget;
			buildConfigurationList = AA88CD4125F911EE0066F6F6 /* Build configuration list for PBXNativeTarget "ShowJSON" */;
			buildPhases = (
				AA88CD2925F911ED0066F6F6 /* Sources */,
				AA88CD2A25F911ED0066F6F6 /* Frameworks */,
				AA88CD2B25F911ED0066F6F6 /* Resources */,
			);
			buildRules = (
			);
			dependencies = (
			);
			name = ShowJSON;
			productName = ShowJSON;
			productReference = AA88CD2D25F911ED0066F6F6 /* ShowJSON.app */;
			productType = "com.apple.product-type.application";
		};
/* End PBXNativeTarget section */

/* Begin PBXProject section */
		AA88CD2525F911ED0066F6F6 /* Project object */ = {
			isa = PBXProject;
			attributes = {
				LastSwiftUpdateCheck = 1230;
				LastUpgradeCheck = 1230;
				TargetAttributes = {
					AA88CD2C25F911ED0066F6F6 = {
						CreatedOnToolsVersion = 12.3;
					};
				};
			};
			buildConfigurationList = AA88CD2825F911ED0066F6F6 /* Build configuration list for PBXProject "ShowJSON" */;
			compatibilityVersion = "Xcode 9.3";
			developmentRegion = en;
			hasScannedForEncodings = 0;
			knownRegions = (
				en,
				Base,
			);
			mainGroup = AA88CD2425F911ED0066F6F6;
			productRefGroup = AA88CD2E25F911ED0066F6F6 /* Products */;
			projectDirPath = "";
			projectRoot = "";
			targets = (
				AA88CD2C25F911ED0066F6F6 /* ShowJSON */,
			);
		};
/* End PBXProject section */

/* Begin PBXResourcesBuildPhase section */
		AA88CD2B25F911ED0066F6F6 /* Resources */ = {
			isa = PBXResourcesBuildPhase;
			buildActionMask = 2147483647;
			files = (
				AA88CD3D25F911EE0066F6F6 /* LaunchScreen.storyboard in Resources */,
				AA88CD3A25F911EE0066F6F6 /* Assets.xcassets in Resources */,
				AA88CD3825F911ED0066F6F6 /* Main.storyboard in Resources */,
			);
			runOnlyForDeploymentPostprocessing = 0;
		};
/* End PBXResourcesBuildPhase section */

/* Begin PBXSourcesBuildPhase section */
		AA88CD2925F911ED0066F6F6 /* Sources */ = {
			isa = PBXSourcesBuildPhase;
			buildActionMask = 2147483647;
			files = (
				AA88CD3525F911ED0066F6F6 /* ViewController.swift in Sources */,
				AA88CD3125F911ED0066F6F6 /* AppDelegate.swift in Sources */,
				AA88CD5225F915A50066F6F6 /* Animal.swift in Sources */,
				AA88CD3325F911ED0066F6F6 /* SceneDelegate.swift in Sources */,
				AA88CD4B25F913BE0066F6F6 /* Networking.swift in Sources */,
			);
			runOnlyForDeploymentPostprocessing = 0;
		};
/* End PBXSourcesBuildPhase section */

/* Begin PBXVariantGroup section */
		AA88CD3625F911ED0066F6F6 /* Main.storyboard */ = {
			isa = PBXVariantGroup;
			children = (
				AA88CD3725F911ED0066F6F6 /* Base */,
			);
			name = Main.storyboard;
			sourceTree = "<group>";
		};
		AA88CD3B25F911EE0066F6F6 /* LaunchScreen.storyboard */ = {
			isa = PBXVariantGroup;
			children = (
				AA88CD3C25F911EE0066F6F6 /* Base */,
			);
			name = LaunchScreen.storyboard;
			sourceTree = "<group>";
		};
/* End PBXVariantGroup section */

/* Begin XCBuildConfiguration section */
		AA88CD3F25F911EE0066F6F6 /* Debug */ = {
			isa = XCBuildConfiguration;
			buildSettings = {
				ALWAYS_SEARCH_USER_PATHS = NO;
				CLANG_ANALYZER_NONNULL = YES;
				CLANG_ANALYZER_NUMBER_OBJECT_CONVERSION = YES_AGGRESSIVE;
				CLANG_CXX_LANGUAGE_STANDARD = "gnu++14";
				CLANG_CXX_LIBRARY = "libc++";
				CLANG_ENABLE_MODULES = YES;
				CLANG_ENABLE_OBJC_ARC = YES;
				CLANG_ENABLE_OBJC_WEAK = YES;
				CLANG_WARN_BLOCK_CAPTURE_AUTORELEASING = YES;
				CLANG_WARN_BOOL_CONVERSION = YES;
				CLANG_WARN_COMMA = YES;
				CLANG_WARN_CONSTANT_CONVERSION = YES;
				CLANG_WARN_DEPRECATED_OBJC_IMPLEMENTATIONS = YES;
				CLANG_WARN_DIRECT_OBJC_ISA_USAGE = YES_ERROR;
				CLANG_WARN_DOCUMENTATION_COMMENTS = YES;
				CLANG_WARN_EMPTY_BODY = YES;
				CLANG_WARN_ENUM_CONVERSION = YES;
				CLANG_WARN_INFINITE_RECURSION = YES;
				CLANG_WARN_INT_CONVERSION = YES;
				CLANG_WARN_NON_LITERAL_NULL_CONVERSION = YES;
				CLANG_WARN_OBJC_IMPLICIT_RETAIN_SELF = YES;
				CLANG_WARN_OBJC_LITERAL_CONVERSION = YES;
				CLANG_WARN_OBJC_ROOT_CLASS = YES_ERROR;
				CLANG_WARN_QUOTED_INCLUDE_IN_FRAMEWORK_HEADER = YES;
				CLANG_WARN_RANGE_LOOP_ANALYSIS = YES;
				CLANG_WARN_STRICT_PROTOTYPES = YES;
				CLANG_WARN_SUSPICIOUS_MOVE = YES;
				CLANG_WARN_UNGUARDED_AVAILABILITY = YES_AGGRESSIVE;
				CLANG_WARN_UNREACHABLE_CODE = YES;
				CLANG_WARN__DUPLICATE_METHOD_MATCH = YES;
				COPY_PHASE_STRIP = NO;
				DEBUG_INFORMATION_FORMAT = dwarf;
				ENABLE_STRICT_OBJC_MSGSEND = YES;
				ENABLE_TESTABILITY = YES;
				GCC_C_LANGUAGE_STANDARD = gnu11;
				GCC_DYNAMIC_NO_PIC = NO;
				GCC_NO_COMMON_BLOCKS = YES;
				GCC_OPTIMIZATION_LEVEL = 0;
				GCC_PREPROCESSOR_DEFINITIONS = (
					"DEBUG=1",
					"$(inherited)",
				);
				GCC_WARN_64_TO_32_BIT_CONVERSION = YES;
				GCC_WARN_ABOUT_RETURN_TYPE = YES_ERROR;
				GCC_WARN_UNDECLARED_SELECTOR = YES;
				GCC_WARN_UNINITIALIZED_AUTOS = YES_AGGRESSIVE;
				GCC_WARN_UNUSED_FUNCTION = YES;
				GCC_WARN_UNUSED_VARIABLE = YES;
				IPHONEOS_DEPLOYMENT_TARGET = 14.3;
				MTL_ENABLE_DEBUG_INFO = INCLUDE_SOURCE;
				MTL_FAST_MATH = YES;
				ONLY_ACTIVE_ARCH = YES;
				SDKROOT = iphoneos;
				SWIFT_ACTIVE_COMPILATION_CONDITIONS = DEBUG;
				SWIFT_OPTIMIZATION_LEVEL = "-Onone";
			};
			name = Debug;
		};
		AA88CD4025F911EE0066F6F6 /* Release */ = {
			isa = XCBuildConfiguration;
			buildSettings = {
				ALWAYS_SEARCH_USER_PATHS = NO;
				CLANG_ANALYZER_NONNULL = YES;
				CLANG_ANALYZER_NUMBER_OBJECT_CONVERSION = YES_AGGRESSIVE;
				CLANG_CXX_LANGUAGE_STANDARD = "gnu++14";
				CLANG_CXX_LIBRARY = "libc++";
				CLANG_ENABLE_MODULES = YES;
				CLANG_ENABLE_OBJC_ARC = YES;
				CLANG_ENABLE_OBJC_WEAK = YES;
				CLANG_WARN_BLOCK_CAPTURE_AUTORELEASING = YES;
				CLANG_WARN_BOOL_CONVERSION = YES;
				CLANG_WARN_COMMA = YES;
				CLANG_WARN_CONSTANT_CONVERSION = YES;
				CLANG_WARN_DEPRECATED_OBJC_IMPLEMENTATIONS = YES;
				CLANG_WARN_DIRECT_OBJC_ISA_USAGE = YES_ERROR;
				CLANG_WARN_DOCUMENTATION_COMMENTS = YES;
				CLANG_WARN_EMPTY_BODY = YES;
				CLANG_WARN_ENUM_CONVERSION = YES;
				CLANG_WARN_INFINITE_RECURSION = YES;
				CLANG_WARN_INT_CONVERSION = YES;
				CLANG_WARN_NON_LITERAL_NULL_CONVERSION = YES;
				CLANG_WARN_OBJC_IMPLICIT_RETAIN_SELF = YES;
				CLANG_WARN_OBJC_LITERAL_CONVERSION = YES;
				CLANG_WARN_OBJC_ROOT_CLASS = YES_ERROR;
				CLANG_WARN_QUOTED_INCLUDE_IN_FRAMEWORK_HEADER = YES;
				CLANG_WARN_RANGE_LOOP_ANALYSIS = YES;
				CLANG_WARN_STRICT_PROTOTYPES = YES;
				CLANG_WARN_SUSPICIOUS_MOVE = YES;
				CLANG_WARN_UNGUARDED_AVAILABILITY = YES_AGGRESSIVE;
				CLANG_WARN_UNREACHABLE_CODE = YES;
				CLANG_WARN__DUPLICATE_METHOD_MATCH = YES;
				COPY_PHASE_STRIP = NO;
				DEBUG_INFORMATION_FORMAT = "dwarf-with-dsym";
				ENABLE_NS_ASSERTIONS = NO;
				ENABLE_STRICT_OBJC_MSGSEND = YES;
				GCC_C_LANGUAGE_STANDARD = gnu11;
				GCC_NO_COMMON_BLOCKS = YES;
				GCC_WARN_64_TO_32_BIT_CONVERSION = YES;
				GCC_WARN_ABOUT_RETURN_TYPE = YES_ERROR;
				GCC_WARN_UNDECLARED_SELECTOR = YES;
				GCC_WARN_UNINITIALIZED_AUTOS = YES_AGGRESSIVE;
				GCC_WARN_UNUSED_FUNCTION = YES;
				GCC_WARN_UNUSED_VARIABLE = YES;
				IPHONEOS_DEPLOYMENT_TARGET = 14.3;
				MTL_ENABLE_DEBUG_INFO = NO;
				MTL_FAST_MATH = YES;
				SDKROOT = iphoneos;
				SWIFT_COMPILATION_MODE = wholemodule;
				SWIFT_OPTIMIZATION_LEVEL = "-O";
				VALIDATE_PRODUCT = YES;
			};
			name = Release;
		};
		AA88CD4225F911EE0066F6F6 /* Debug */ = {
			isa = XCBuildConfiguration;
			buildSettings = {
				ASSETCATALOG_COMPILER_APPICON_NAME = AppIcon;
				ASSETCATALOG_COMPILER_GLOBAL_ACCENT_COLOR_NAME = AccentColor;
				CODE_SIGN_STYLE = Automatic;
				DEVELOPMENT_TEAM = 2CHTTLW38M;
				INFOPLIST_FILE = ShowJSON/Info.plist;
				LD_RUNPATH_SEARCH_PATHS = (
					"$(inherited)",
					"@executable_path/Frameworks",
				);
				PRODUCT_BUNDLE_IDENTIFIER = com.sanjeeb.ShowJSON;
				PRODUCT_NAME = "$(TARGET_NAME)";
				SWIFT_VERSION = 5.0;
				TARGETED_DEVICE_FAMILY = "1,2";
			};
			name = Debug;
		};
		AA88CD4325F911EE0066F6F6 /* Release */ = {
			isa = XCBuildConfiguration;
			buildSettings = {
				ASSETCATALOG_COMPILER_APPICON_NAME = AppIcon;
				ASSETCATALOG_COMPILER_GLOBAL_ACCENT_COLOR_NAME = AccentColor;
				CODE_SIGN_STYLE = Automatic;
				DEVELOPMENT_TEAM = 2CHTTLW38M;
				INFOPLIST_FILE = ShowJSON/Info.plist;
				LD_RUNPATH_SEARCH_PATHS = (
					"$(inherited)",
					"@executable_path/Frameworks",
				);
				PRODUCT_BUNDLE_IDENTIFIER = com.sanjeeb.ShowJSON;
				PRODUCT_NAME = "$(TARGET_NAME)";
				SWIFT_VERSION = 5.0;
				TARGETED_DEVICE_FAMILY = "1,2";
			};
			name = Release;
		};
/* End XCBuildConfiguration section */

/* Begin XCConfigurationList section */
		AA88CD2825F911ED0066F6F6 /* Build configuration list for PBXProject "ShowJSON" */ = {
			isa = XCConfigurationList;
			buildConfigurations = (
				AA88CD3F25F911EE0066F6F6 /* Debug */,
				AA88CD4025F911EE0066F6F6 /* Release */,
			);
			defaultConfigurationIsVisible = 0;
			defaultConfigurationName = Release;
		};
		AA88CD4125F911EE0066F6F6 /* Build configuration list for PBXNativeTarget "ShowJSON" */ = {
			isa = XCConfigurationList;
			buildConfigurations = (
				AA88CD4225F911EE0066F6F6 /* Debug */,
				AA88CD4325F911EE0066F6F6 /* Release */,
			);
			defaultConfigurationIsVisible = 0;
			defaultConfigurationName = Release;
		};
/* End XCConfigurationList section */
	};
	rootObject = AA88CD2525F911ED0066F6F6 /* Project object */;
}
